PODS:
  - SwiftyXMLParser (5.1.0)

DEPENDENCIES:
  - SwiftyXMLParser (from `https://github.com/yahoojapan/SwiftyXMLParser.git`)

EXTERNAL SOURCES:
  SwiftyXMLParser:
    :git: https://github.com/yahoojapan/SwiftyXMLParser.git

CHECKOUT OPTIONS:
  SwiftyXMLParser:
    :commit: ec7f183642adf429babd867d1a38c5c6912408ba
    :git: https://github.com/yahoojapan/SwiftyXMLParser.git

SPEC CHECKSUMS:
  SwiftyXMLParser: 23b5a9321a8adf72aae29046ea58c3d097b4ac17

PODFILE CHECKSUM: 9072970caa37c8889089a5ae715057e2f05db197

COCOAPODS: 1.10.1
