// !$*UTF8*$!
{
	archiveVersion = 1;
	classes = {
	};
	objectVersion = 50;
	objects = {

/* Begin PBXBuildFile section */
		42E413E62610AFE000E3BB6E /* RobloxStudioMobileApp.swift in Sources */ = {isa = PBXBuildFile; fileRef = 42E413E52610AFE000E3BB6E /* RobloxStudioMobileApp.swift */; };
		42E413E82610AFE000E3BB6E /* ContentView.swift in Sources */ = {isa = PBXBuildFile; fileRef = 42E413E72610AFE000E3BB6E /* ContentView.swift */; };
		42E413EA2610AFE400E3BB6E /* Assets.xcassets in Resources */ = {isa = PBXBuildFile; fileRef = 42E413E92610AFE400E3BB6E /* Assets.xcassets */; };
		42E413ED2610AFE400E3BB6E /* Preview Assets.xcassets in Resources */ = {isa = PBXBuildFile; fileRef = 42E413EC2610AFE400E3BB6E /* Preview Assets.xcassets */; };
		42E413F92610FA5000E3BB6E /* SideElementView.swift in Sources */ = {isa = PBXBuildFile; fileRef = 42E413F82610FA5000E3BB6E /* SideElementView.swift */; };
		42E413FC2610FC6B00E3BB6E /* SideViews.swift in Sources */ = {isa = PBXBuildFile; fileRef = 42E413FB2610FC6B00E3BB6E /* SideViews.swift */; };
		42E413FF26112CA300E3BB6E /* EditingView.swift in Sources */ = {isa = PBXBuildFile; fileRef = 42E413FE26112CA300E3BB6E /* EditingView.swift */; };
		42E414032611533000E3BB6E /* UploadTest.swift in Sources */ = {isa = PBXBuildFile; fileRef = 42E414022611533000E3BB6E /* UploadTest.swift */; };
/* End PBXBuildFile section */

/* Begin PBXFileReference section */
		42E413E22610AFE000E3BB6E /* RobloxStudioMobile.app */ = {isa = PBXFileReference; explicitFileType = wrapper.application; includeInIndex = 0; path = RobloxStudioMobile.app; sourceTree = BUILT_PRODUCTS_DIR; };
		42E413E52610AFE000E3BB6E /* RobloxStudioMobileApp.swift */ = {isa = PBXFileReference; lastKnownFileType = sourcecode.swift; path = RobloxStudioMobileApp.swift; sourceTree = "<group>"; };
		42E413E72610AFE000E3BB6E /* ContentView.swift */ = {isa = PBXFileReference; lastKnownFileType = sourcecode.swift; path = ContentView.swift; sourceTree = "<group>"; };
		42E413E92610AFE400E3BB6E /* Assets.xcassets */ = {isa = PBXFileReference; lastKnownFileType = folder.assetcatalog; path = Assets.xcassets; sourceTree = "<group>"; };
		42E413EC2610AFE400E3BB6E /* Preview Assets.xcassets */ = {isa = PBXFileReference; lastKnownFileType = folder.assetcatalog; path = "Preview Assets.xcassets"; sourceTree = "<group>"; };
		42E413EE2610AFE400E3BB6E /* Info.plist */ = {isa = PBXFileReference; lastKnownFileType = text.plist.xml; path = Info.plist; sourceTree = "<group>"; };
		42E413F82610FA5000E3BB6E /* SideElementView.swift */ = {isa = PBXFileReference; lastKnownFileType = sourcecode.swift; path = SideElementView.swift; sourceTree = "<group>"; };
		42E413FB2610FC6B00E3BB6E /* SideViews.swift */ = {isa = PBXFileReference; lastKnownFileType = sourcecode.swift; path = SideViews.swift; sourceTree = "<group>"; };
		42E413FE26112CA300E3BB6E /* EditingView.swift */ = {isa = PBXFileReference; fileEncoding = 4; lastKnownFileType = sourcecode.swift; path = EditingView.swift; sourceTree = "<group>"; };
		42E414022611533000E3BB6E /* UploadTest.swift */ = {isa = PBXFileReference; lastKnownFileType = sourcecode.swift; path = UploadTest.swift; sourceTree = "<group>"; };
/* End PBXFileReference section */

/* Begin PBXFrameworksBuildPhase section */
		42E413DF2610AFE000E3BB6E /* Frameworks */ = {
			isa = PBXFrameworksBuildPhase;
			buildActionMask = 2147483647;
			files = (
			);
			runOnlyForDeploymentPostprocessing = 0;
		};
/* End PBXFrameworksBuildPhase section */

/* Begin PBXGroup section */
		42E413D92610AFE000E3BB6E = {
			isa = PBXGroup;
			children = (
				42E413E42610AFE000E3BB6E /* RobloxStudioMobile */,
				42E413E32610AFE000E3BB6E /* Products */,
			);
			sourceTree = "<group>";
		};
		42E413E32610AFE000E3BB6E /* Products */ = {
			isa = PBXGroup;
			children = (
				42E413E22610AFE000E3BB6E /* RobloxStudioMobile.app */,
			);
			name = Products;
			sourceTree = "<group>";
		};
		42E413E42610AFE000E3BB6E /* RobloxStudioMobile */ = {
			isa = PBXGroup;
			children = (
				42E413E52610AFE000E3BB6E /* RobloxStudioMobileApp.swift */,
				42E413E72610AFE000E3BB6E /* ContentView.swift */,
				42E413FE26112CA300E3BB6E /* EditingView.swift */,
				42E413F82610FA5000E3BB6E /* SideElementView.swift */,
				42E413FB2610FC6B00E3BB6E /* SideViews.swift */,
				42E414022611533000E3BB6E /* UploadTest.swift */,
				42E413E92610AFE400E3BB6E /* Assets.xcassets */,
				42E413EE2610AFE400E3BB6E /* Info.plist */,
				42E413EB2610AFE400E3BB6E /* Preview Content */,
			);
			path = RobloxStudioMobile;
			sourceTree = "<group>";
		};
		42E413EB2610AFE400E3BB6E /* Preview Content */ = {
			isa = PBXGroup;
			children = (
				42E413EC2610AFE400E3BB6E /* Preview Assets.xcassets */,
			);
			path = "Preview Content";
			sourceTree = "<group>";
		};
/* End PBXGroup section */

/* Begin PBXNativeTarget section */
		42E413E12610AFE000E3BB6E /* RobloxStudioMobile */ = {
			isa = PBXNativeTarget;
			buildConfigurationList = 42E413F12610AFE400E3BB6E /* Build configuration list for PBXNativeTarget "RobloxStudioMobile" */;
			buildPhases = (
				42E413DE2610AFE000E3BB6E /* Sources */,
				42E413DF2610AFE000E3BB6E /* Frameworks */,
				42E413E02610AFE000E3BB6E /* Resources */,
			);
			buildRules = (
			);
			dependencies = (
			);
			name = RobloxStudioMobile;
			productName = RobloxStudioMobile;
			productReference = 42E413E22610AFE000E3BB6E /* RobloxStudioMobile.app */;
			productType = "com.apple.product-type.application";
		};
/* End PBXNativeTarget section */

/* Begin PBXProject section */
		42E413DA2610AFE000E3BB6E /* Project object */ = {
			isa = PBXProject;
			attributes = {
				LastSwiftUpdateCheck = 1240;
				LastUpgradeCheck = 1240;
				TargetAttributes = {
					42E413E12610AFE000E3BB6E = {
						CreatedOnToolsVersion = 12.4;
					};
				};
			};
			buildConfigurationList = 42E413DD2610AFE000E3BB6E /* Build configuration list for PBXProject "RobloxStudioMobile" */;
			compatibilityVersion = "Xcode 9.3";
			developmentRegion = en;
			hasScannedForEncodings = 0;
			knownRegions = (
				en,
				Base,
			);
			mainGroup = 42E413D92610AFE000E3BB6E;
			productRefGroup = 42E413E32610AFE000E3BB6E /* Products */;
			projectDirPath = "";
			projectRoot = "";
			targets = (
				42E413E12610AFE000E3BB6E /* RobloxStudioMobile */,
			);
		};
/* End PBXProject section */

/* Begin PBXResourcesBuildPhase section */
		42E413E02610AFE000E3BB6E /* Resources */ = {
			isa = PBXResourcesBuildPhase;
			buildActionMask = 2147483647;
			files = (
				42E413ED2610AFE400E3BB6E /* Preview Assets.xcassets in Resources */,
				42E413EA2610AFE400E3BB6E /* Assets.xcassets in Resources */,
			);
			runOnlyForDeploymentPostprocessing = 0;
		};
/* End PBXResourcesBuildPhase section */

/* Begin PBXSourcesBuildPhase section */
		42E413DE2610AFE000E3BB6E /* Sources */ = {
			isa = PBXSourcesBuildPhase;
			buildActionMask = 2147483647;
			files = (
				42E413E82610AFE000E3BB6E /* ContentView.swift in Sources */,
				42E413F92610FA5000E3BB6E /* SideElementView.swift in Sources */,
				42E413FF26112CA300E3BB6E /* EditingView.swift in Sources */,
				42E413E62610AFE000E3BB6E /* RobloxStudioMobileApp.swift in Sources */,
				42E414032611533000E3BB6E /* UploadTest.swift in Sources */,
				42E413FC2610FC6B00E3BB6E /* SideViews.swift in Sources */,
			);
			runOnlyForDeploymentPostprocessing = 0;
		};
/* End PBXSourcesBuildPhase section */

/* Begin XCBuildConfiguration section */
		42E413EF2610AFE400E3BB6E /* Debug */ = {
			isa = XCBuildConfiguration;
			buildSettings = {
				ALWAYS_SEARCH_USER_PATHS = NO;
				CLANG_ANALYZER_NONNULL = YES;
				CLANG_ANALYZER_NUMBER_OBJECT_CONVERSION = YES_AGGRESSIVE;
				CLANG_CXX_LANGUAGE_STANDARD = "gnu++14";
				CLANG_CXX_LIBRARY = "libc++";
				CLANG_ENABLE_MODULES = YES;
				CLANG_ENABLE_OBJC_ARC = YES;
				CLANG_ENABLE_OBJC_WEAK = YES;
				CLANG_WARN_BLOCK_CAPTURE_AUTORELEASING = YES;
				CLANG_WARN_BOOL_CONVERSION = YES;
				CLANG_WARN_COMMA = YES;
				CLANG_WARN_CONSTANT_CONVERSION = YES;
				CLANG_WARN_DEPRECATED_OBJC_IMPLEMENTATIONS = YES;
				CLANG_WARN_DIRECT_OBJC_ISA_USAGE = YES_ERROR;
				CLANG_WARN_DOCUMENTATION_COMMENTS = YES;
				CLANG_WARN_EMPTY_BODY = YES;
				CLANG_WARN_ENUM_CONVERSION = YES;
				CLANG_WARN_INFINITE_RECURSION = YES;
				CLANG_WARN_INT_CONVERSION = YES;
				CLANG_WARN_NON_LITERAL_NULL_CONVERSION = YES;
				CLANG_WARN_OBJC_IMPLICIT_RETAIN_SELF = YES;
				CLANG_WARN_OBJC_LITERAL_CONVERSION = YES;
				CLANG_WARN_OBJC_ROOT_CLASS = YES_ERROR;
				CLANG_WARN_QUOTED_INCLUDE_IN_FRAMEWORK_HEADER = YES;
				CLANG_WARN_RANGE_LOOP_ANALYSIS = YES;
				CLANG_WARN_STRICT_PROTOTYPES = YES;
				CLANG_WARN_SUSPICIOUS_MOVE = YES;
				CLANG_WARN_UNGUARDED_AVAILABILITY = YES_AGGRESSIVE;
				CLANG_WARN_UNREACHABLE_CODE = YES;
				CLANG_WARN__DUPLICATE_METHOD_MATCH = YES;
				COPY_PHASE_STRIP = NO;
				DEBUG_INFORMATION_FORMAT = dwarf;
				ENABLE_STRICT_OBJC_MSGSEND = YES;
				ENABLE_TESTABILITY = YES;
				GCC_C_LANGUAGE_STANDARD = gnu11;
				GCC_DYNAMIC_NO_PIC = NO;
				GCC_NO_COMMON_BLOCKS = YES;
				GCC_OPTIMIZATION_LEVEL = 0;
				GCC_PREPROCESSOR_DEFINITIONS = (
					"DEBUG=1",
					"$(inherited)",
				);
				GCC_WARN_64_TO_32_BIT_CONVERSION = YES;
				GCC_WARN_ABOUT_RETURN_TYPE = YES_ERROR;
				GCC_WARN_UNDECLARED_SELECTOR = YES;
				GCC_WARN_UNINITIALIZED_AUTOS = YES_AGGRESSIVE;
				GCC_WARN_UNUSED_FUNCTION = YES;
				GCC_WARN_UNUSED_VARIABLE = YES;
				IPHONEOS_DEPLOYMENT_TARGET = 14.4;
				MTL_ENABLE_DEBUG_INFO = INCLUDE_SOURCE;
				MTL_FAST_MATH = YES;
				ONLY_ACTIVE_ARCH = YES;
				SDKROOT = iphoneos;
				SWIFT_ACTIVE_COMPILATION_CONDITIONS = DEBUG;
				SWIFT_OPTIMIZATION_LEVEL = "-Onone";
			};
			name = Debug;
		};
		42E413F02610AFE400E3BB6E /* Release */ = {
			isa = XCBuildConfiguration;
			buildSettings = {
				ALWAYS_SEARCH_USER_PATHS = NO;
				CLANG_ANALYZER_NONNULL = YES;
				CLANG_ANALYZER_NUMBER_OBJECT_CONVERSION = YES_AGGRESSIVE;
				CLANG_CXX_LANGUAGE_STANDARD = "gnu++14";
				CLANG_CXX_LIBRARY = "libc++";
				CLANG_ENABLE_MODULES = YES;
				CLANG_ENABLE_OBJC_ARC = YES;
				CLANG_ENABLE_OBJC_WEAK = YES;
				CLANG_WARN_BLOCK_CAPTURE_AUTORELEASING = YES;
				CLANG_WARN_BOOL_CONVERSION = YES;
				CLANG_WARN_COMMA = YES;
				CLANG_WARN_CONSTANT_CONVERSION = YES;
				CLANG_WARN_DEPRECATED_OBJC_IMPLEMENTATIONS = YES;
				CLANG_WARN_DIRECT_OBJC_ISA_USAGE = YES_ERROR;
				CLANG_WARN_DOCUMENTATION_COMMENTS = YES;
				CLANG_WARN_EMPTY_BODY = YES;
				CLANG_WARN_ENUM_CONVERSION = YES;
				CLANG_WARN_INFINITE_RECURSION = YES;
				CLANG_WARN_INT_CONVERSION = YES;
				CLANG_WARN_NON_LITERAL_NULL_CONVERSION = YES;
				CLANG_WARN_OBJC_IMPLICIT_RETAIN_SELF = YES;
				CLANG_WARN_OBJC_LITERAL_CONVERSION = YES;
				CLANG_WARN_OBJC_ROOT_CLASS = YES_ERROR;
				CLANG_WARN_QUOTED_INCLUDE_IN_FRAMEWORK_HEADER = YES;
				CLANG_WARN_RANGE_LOOP_ANALYSIS = YES;
				CLANG_WARN_STRICT_PROTOTYPES = YES;
				CLANG_WARN_SUSPICIOUS_MOVE = YES;
				CLANG_WARN_UNGUARDED_AVAILABILITY = YES_AGGRESSIVE;
				CLANG_WARN_UNREACHABLE_CODE = YES;
				CLANG_WARN__DUPLICATE_METHOD_MATCH = YES;
				COPY_PHASE_STRIP = NO;
				DEBUG_INFORMATION_FORMAT = "dwarf-with-dsym";
				ENABLE_NS_ASSERTIONS = NO;
				ENABLE_STRICT_OBJC_MSGSEND = YES;
				GCC_C_LANGUAGE_STANDARD = gnu11;
				GCC_NO_COMMON_BLOCKS = YES;
				GCC_WARN_64_TO_32_BIT_CONVERSION = YES;
				GCC_WARN_ABOUT_RETURN_TYPE = YES_ERROR;
				GCC_WARN_UNDECLARED_SELECTOR = YES;
				GCC_WARN_UNINITIALIZED_AUTOS = YES_AGGRESSIVE;
				GCC_WARN_UNUSED_FUNCTION = YES;
				GCC_WARN_UNUSED_VARIABLE = YES;
				IPHONEOS_DEPLOYMENT_TARGET = 14.4;
				MTL_ENABLE_DEBUG_INFO = NO;
				MTL_FAST_MATH = YES;
				SDKROOT = iphoneos;
				SWIFT_COMPILATION_MODE = wholemodule;
				SWIFT_OPTIMIZATION_LEVEL = "-O";
				VALIDATE_PRODUCT = YES;
			};
			name = Release;
		};
		42E413F22610AFE400E3BB6E /* Debug */ = {
			isa = XCBuildConfiguration;
			buildSettings = {
				ASSETCATALOG_COMPILER_APPICON_NAME = AppIcon;
				ASSETCATALOG_COMPILER_GLOBAL_ACCENT_COLOR_NAME = AccentColor;
				CODE_SIGN_STYLE = Automatic;
				DEVELOPMENT_ASSET_PATHS = "\"RobloxStudioMobile/Preview Content\"";
				DEVELOPMENT_TEAM = LS9HYC6FV9;
				ENABLE_PREVIEWS = YES;
				INFOPLIST_FILE = RobloxStudioMobile/Info.plist;
				IPHONEOS_DEPLOYMENT_TARGET = 14.0;
				LD_RUNPATH_SEARCH_PATHS = (
					"$(inherited)",
					"@executable_path/Frameworks",
				);
				PRODUCT_BUNDLE_IDENTIFIER = com.andylin.RobloxStudioMobile;
				PRODUCT_NAME = "$(TARGET_NAME)";
				SWIFT_VERSION = 5.0;
				TARGETED_DEVICE_FAMILY = "1,2";
			};
			name = Debug;
		};
		42E413F32610AFE400E3BB6E /* Release */ = {
			isa = XCBuildConfiguration;
			buildSettings = {
				ASSETCATALOG_COMPILER_APPICON_NAME = AppIcon;
				ASSETCATALOG_COMPILER_GLOBAL_ACCENT_COLOR_NAME = AccentColor;
				CODE_SIGN_STYLE = Automatic;
				DEVELOPMENT_ASSET_PATHS = "\"RobloxStudioMobile/Preview Content\"";
				DEVELOPMENT_TEAM = LS9HYC6FV9;
				ENABLE_PREVIEWS = YES;
				INFOPLIST_FILE = RobloxStudioMobile/Info.plist;
				IPHONEOS_DEPLOYMENT_TARGET = 14.0;
				LD_RUNPATH_SEARCH_PATHS = (
					"$(inherited)",
					"@executable_path/Frameworks",
				);
				PRODUCT_BUNDLE_IDENTIFIER = com.andylin.RobloxStudioMobile;
				PRODUCT_NAME = "$(TARGET_NAME)";
				SWIFT_VERSION = 5.0;
				TARGETED_DEVICE_FAMILY = "1,2";
			};
			name = Release;
		};
/* End XCBuildConfiguration section */

/* Begin XCConfigurationList section */
		42E413DD2610AFE000E3BB6E /* Build configuration list for PBXProject "RobloxStudioMobile" */ = {
			isa = XCConfigurationList;
			buildConfigurations = (
				42E413EF2610AFE400E3BB6E /* Debug */,
				42E413F02610AFE400E3BB6E /* Release */,
			);
			defaultConfigurationIsVisible = 0;
			defaultConfigurationName = Release;
		};
		42E413F12610AFE400E3BB6E /* Build configuration list for PBXNativeTarget "RobloxStudioMobile" */ = {
			isa = XCConfigurationList;
			buildConfigurations = (
				42E413F22610AFE400E3BB6E /* Debug */,
				42E413F32610AFE400E3BB6E /* Release */,
			);
			defaultConfigurationIsVisible = 0;
			defaultConfigurationName = Release;
		};
/* End XCConfigurationList section */
	};
	rootObject = 42E413DA2610AFE000E3BB6E /* Project object */;
}
